
Microsoft Visual Studio Solution File, Format Version 12.00
# Visual Studio Version 17
VisualStudioVersion = 17.4.33205.214
MinimumVisualStudioVersion = 10.0.40219.1
Project("{FAE04EC0-301F-11D3-BF4B-00C04F79EFBC}") = "TetrisConsole", "test2\TetrisConsole.csproj", "{20BA4563-FEB0-448B-9DAB-E15471275725}"
EndProject
Global
	GlobalSection(SolutionConfigurationPlatforms) = preSolution
		Debug|Any CPU = Debug|Any CPU
		Release|Any CPU = Release|Any CPU
	EndGlobalSection
	GlobalSection(ProjectConfigurationPlatforms) = postSolution
		{20BA4563-FEB0-448B-9DAB-E15471275725}.Debug|Any CPU.ActiveCfg = Debug|Any CPU
		{20BA4563-FEB0-448B-9DAB-E15471275725}.Debug|Any CPU.Build.0 = Debug|Any CPU
		{20BA4563-FEB0-448B-9DAB-E15471275725}.Release|Any CPU.ActiveCfg = Release|Any CPU
		{20BA4563-FEB0-448B-9DAB-E15471275725}.Release|Any CPU.Build.0 = Release|Any CPU
	EndGlobalSection
	GlobalSection(SolutionProperties) = preSolution
		HideSolutionNode = FALSE
	EndGlobalSection
	GlobalSection(ExtensibilityGlobals) = postSolution
		SolutionGuid = {09A78AA0-57B7-4576-9ADD-0AC7AB084EF0}
	EndGlobalSection
EndGlobal
